# THIS IS AN AUTOGENERATED FILE. DO NOT EDIT THIS FILE DIRECTLY.
# yarn lockfile v1


typeface-asap@^0.0.69:
  version "0.0.69"
  resolved "https://registry.yarnpkg.com/typeface-asap/-/typeface-asap-0.0.69.tgz#3f5590b52b46a8cea6600fd383cb2c2ba00cf302"
  integrity sha512-OxLvnZTLPl4F8KVY2VaFMYBUj9yav8SRDiOQf8NF/IzmjMXBV1iAc7k1RzNTlFZ3/MstBvmUpsxB7a1V9ZL6Gg==

typeface-noto-sans@^0.0.54:
  version "0.0.54"
  resolved "https://registry.yarnpkg.com/typeface-noto-sans/-/typeface-noto-sans-0.0.54.tgz#16989ef56a5220b0503495ab8c1036f66b517b55"
  integrity sha512-wV2BNwFuSOYaz96gk5fDuD0RB4pPKKgQvvM9ep6jWRUTqPuND+fM4wz0xAqxopTYeZ/sVunyFIc3iCq7gMbULQ==
